
Microsoft Visual Studio Solution File, Format Version 12.00
# Visual Studio Version 17
VisualStudioVersion = 17.3.32819.101
MinimumVisualStudioVersion = 10.0.40219.1
Project("{FAE04EC0-301F-11D3-BF4B-00C04F79EFBC}") = "etickets", "etickets\etickets.csproj", "{87F2945D-FEDB-4CC8-9FE6-B4B8E28B2844}"
EndProject
Global
	GlobalSection(SolutionConfigurationPlatforms) = preSolution
		Debug|Any CPU = Debug|Any CPU
		Release|Any CPU = Release|Any CPU
	EndGlobalSection
	GlobalSection(ProjectConfigurationPlatforms) = postSolution
		{87F2945D-FEDB-4CC8-9FE6-B4B8E28B2844}.Debug|Any CPU.ActiveCfg = Debug|Any CPU
		{87F2945D-FEDB-4CC8-9FE6-B4B8E28B2844}.Debug|Any CPU.Build.0 = Debug|Any CPU
		{87F2945D-FEDB-4CC8-9FE6-B4B8E28B2844}.Release|Any CPU.ActiveCfg = Release|Any CPU
		{87F2945D-FEDB-4CC8-9FE6-B4B8E28B2844}.Release|Any CPU.Build.0 = Release|Any CPU
	EndGlobalSection
	GlobalSection(SolutionProperties) = preSolution
		HideSolutionNode = FALSE
	EndGlobalSection
	GlobalSection(ExtensibilityGlobals) = postSolution
		SolutionGuid = {5C1408BF-9894-4BD5-9042-ABC2E351CB4D}
	EndGlobalSection
EndGlobal
